
Microsoft Visual Studio Solution File, Format Version 12.00
# Visual Studio Version 17
VisualStudioVersion = 17.8.34511.84
MinimumVisualStudioVersion = 10.0.40219.1
Project("{FAE04EC0-301F-11D3-BF4B-00C04F79EFBC}") = "LA", "LA\LA.csproj", "{A766CC4D-9F05-42C9-A992-E9CCBB71D11A}"
EndProject
Global
	GlobalSection(SolutionConfigurationPlatforms) = preSolution
		Debug|Any CPU = Debug|Any CPU
		Release|Any CPU = Release|Any CPU
	EndGlobalSection
	GlobalSection(ProjectConfigurationPlatforms) = postSolution
		{A766CC4D-9F05-42C9-A992-E9CCBB71D11A}.Debug|Any CPU.ActiveCfg = Debug|Any CPU
		{A766CC4D-9F05-42C9-A992-E9CCBB71D11A}.Debug|Any CPU.Build.0 = Debug|Any CPU
		{A766CC4D-9F05-42C9-A992-E9CCBB71D11A}.Release|Any CPU.ActiveCfg = Release|Any CPU
		{A766CC4D-9F05-42C9-A992-E9CCBB71D11A}.Release|Any CPU.Build.0 = Release|Any CPU
	EndGlobalSection
	GlobalSection(SolutionProperties) = preSolution
		HideSolutionNode = FALSE
	EndGlobalSection
	GlobalSection(ExtensibilityGlobals) = postSolution
		SolutionGuid = {21E3C72C-79A2-4E8E-965E-BD517B1F11B9}
	EndGlobalSection
EndGlobal
